
Microsoft Visual Studio Solution File, Format Version 12.00
# Visual Studio Version 17
VisualStudioVersion = 17.5.002.0
MinimumVisualStudioVersion = 10.0.40219.1
Project("{9A19103F-16F7-4668-BE54-9A1E7A4F7556}") = "Bhaskara", "Bhaskara.csproj", "{AD8E40C6-0B3F-48EA-8789-F1D64CD91C51}"
EndProject
Global
	GlobalSection(SolutionConfigurationPlatforms) = preSolution
		Debug|Any CPU = Debug|Any CPU
		Release|Any CPU = Release|Any CPU
	EndGlobalSection
	GlobalSection(ProjectConfigurationPlatforms) = postSolution
		{AD8E40C6-0B3F-48EA-8789-F1D64CD91C51}.Debug|Any CPU.ActiveCfg = Debug|Any CPU
		{AD8E40C6-0B3F-48EA-8789-F1D64CD91C51}.Debug|Any CPU.Build.0 = Debug|Any CPU
		{AD8E40C6-0B3F-48EA-8789-F1D64CD91C51}.Release|Any CPU.ActiveCfg = Release|Any CPU
		{AD8E40C6-0B3F-48EA-8789-F1D64CD91C51}.Release|Any CPU.Build.0 = Release|Any CPU
	EndGlobalSection
	GlobalSection(SolutionProperties) = preSolution
		HideSolutionNode = FALSE
	EndGlobalSection
	GlobalSection(ExtensibilityGlobals) = postSolution
		SolutionGuid = {88DE8824-6EA3-4118-BB07-8CE6C2D29C47}
	EndGlobalSection
EndGlobal
